// !$*UTF8*$!
{
	archiveVersion = 1;
	classes = {
	};
	objectVersion = 50;
	objects = {

/* Begin PBXBuildFile section */
		8C80A928253B974D000D6C44 /* AppDelegate.swift in Sources */ = {isa = PBXBuildFile; fileRef = 8C80A927253B974D000D6C44 /* AppDelegate.swift */; };
		8C80A92A253B974D000D6C44 /* SceneDelegate.swift in Sources */ = {isa = PBXBuildFile; fileRef = 8C80A929253B974D000D6C44 /* SceneDelegate.swift */; };
		8C80A92C253B974D000D6C44 /* ViewController.swift in Sources */ = {isa = PBXBuildFile; fileRef = 8C80A92B253B974D000D6C44 /* ViewController.swift */; };
		8C80A92F253B974D000D6C44 /* Main.storyboard in Resources */ = {isa = PBXBuildFile; fileRef = 8C80A92D253B974D000D6C44 /* Main.storyboard */; };
		8C80A931253B9754000D6C44 /* Assets.xcassets in Resources */ = {isa = PBXBuildFile; fileRef = 8C80A930253B9754000D6C44 /* Assets.xcassets */; };
		8C80A934253B9754000D6C44 /* LaunchScreen.storyboard in Resources */ = {isa = PBXBuildFile; fileRef = 8C80A932253B9754000D6C44 /* LaunchScreen.storyboard */; };
		8C80A93F253B9754000D6C44 /* dicesTests.swift in Sources */ = {isa = PBXBuildFile; fileRef = 8C80A93E253B9754000D6C44 /* dicesTests.swift */; };
		8C80A94A253B9754000D6C44 /* dicesUITests.swift in Sources */ = {isa = PBXBuildFile; fileRef = 8C80A949253B9754000D6C44 /* dicesUITests.swift */; };
/* End PBXBuildFile section */

/* Begin PBXContainerItemProxy section */
		8C80A93B253B9754000D6C44 /* PBXContainerItemProxy */ = {
			isa = PBXContainerItemProxy;
			containerPortal = 8C80A91C253B974D000D6C44 /* Project object */;
			proxyType = 1;
			remoteGlobalIDString = 8C80A923253B974D000D6C44;
			remoteInfo = dices;
		};
		8C80A946253B9754000D6C44 /* PBXContainerItemProxy */ = {
			isa = PBXContainerItemProxy;
			containerPortal = 8C80A91C253B974D000D6C44 /* Project object */;
			proxyType = 1;
			remoteGlobalIDString = 8C80A923253B974D000D6C44;
			remoteInfo = dices;
		};
/* End PBXContainerItemProxy section */

/* Begin PBXFileReference section */
		8C80A924253B974D000D6C44 /* dices.app */ = {isa = PBXFileReference; explicitFileType = wrapper.application; includeInIndex = 0; path = dices.app; sourceTree = BUILT_PRODUCTS_DIR; };
		8C80A927253B974D000D6C44 /* AppDelegate.swift */ = {isa = PBXFileReference; lastKnownFileType = sourcecode.swift; path = AppDelegate.swift; sourceTree = "<group>"; };
		8C80A929253B974D000D6C44 /* SceneDelegate.swift */ = {isa = PBXFileReference; lastKnownFileType = sourcecode.swift; path = SceneDelegate.swift; sourceTree = "<group>"; };
		8C80A92B253B974D000D6C44 /* ViewController.swift */ = {isa = PBXFileReference; lastKnownFileType = sourcecode.swift; path = ViewController.swift; sourceTree = "<group>"; };
		8C80A92E253B974D000D6C44 /* Base */ = {isa = PBXFileReference; lastKnownFileType = file.storyboard; name = Base; path = Base.lproj/Main.storyboard; sourceTree = "<group>"; };
		8C80A930253B9754000D6C44 /* Assets.xcassets */ = {isa = PBXFileReference; lastKnownFileType = folder.assetcatalog; path = Assets.xcassets; sourceTree = "<group>"; };
		8C80A933253B9754000D6C44 /* Base */ = {isa = PBXFileReference; lastKnownFileType = file.storyboard; name = Base; path = Base.lproj/LaunchScreen.storyboard; sourceTree = "<group>"; };
		8C80A935253B9754000D6C44 /* Info.plist */ = {isa = PBXFileReference; lastKnownFileType = text.plist.xml; path = Info.plist; sourceTree = "<group>"; };
		8C80A93A253B9754000D6C44 /* dicesTests.xctest */ = {isa = PBXFileReference; explicitFileType = wrapper.cfbundle; includeInIndex = 0; path = dicesTests.xctest; sourceTree = BUILT_PRODUCTS_DIR; };
		8C80A93E253B9754000D6C44 /* dicesTests.swift */ = {isa = PBXFileReference; lastKnownFileType = sourcecode.swift; path = dicesTests.swift; sourceTree = "<group>"; };
		8C80A940253B9754000D6C44 /* Info.plist */ = {isa = PBXFileReference; lastKnownFileType = text.plist.xml; path = Info.plist; sourceTree = "<group>"; };
		8C80A945253B9754000D6C44 /* dicesUITests.xctest */ = {isa = PBXFileReference; explicitFileType = wrapper.cfbundle; includeInIndex = 0; path = dicesUITests.xctest; sourceTree = BUILT_PRODUCTS_DIR; };
		8C80A949253B9754000D6C44 /* dicesUITests.swift */ = {isa = PBXFileReference; lastKnownFileType = sourcecode.swift; path = dicesUITests.swift; sourceTree = "<group>"; };
		8C80A94B253B9754000D6C44 /* Info.plist */ = {isa = PBXFileReference; lastKnownFileType = text.plist.xml; path = Info.plist; sourceTree = "<group>"; };
/* End PBXFileReference section */

/* Begin PBXFrameworksBuildPhase section */
		8C80A921253B974D000D6C44 /* Frameworks */ = {
			isa = PBXFrameworksBuildPhase;
			buildActionMask = 2147483647;
			files = (
			);
			runOnlyForDeploymentPostprocessing = 0;
		};
		8C80A937253B9754000D6C44 /* Frameworks */ = {
			isa = PBXFrameworksBuildPhase;
			buildActionMask = 2147483647;
			files = (
			);
			runOnlyForDeploymentPostprocessing = 0;
		};
		8C80A942253B9754000D6C44 /* Frameworks */ = {
			isa = PBXFrameworksBuildPhase;
			buildActionMask = 2147483647;
			files = (
			);
			runOnlyForDeploymentPostprocessing = 0;
		};
/* End PBXFrameworksBuildPhase section */

/* Begin PBXGroup section */
		8C80A91B253B974D000D6C44 = {
			isa = PBXGroup;
			children = (
				8C80A95D253BB8D9000D6C44 /* Sounds */,
				8C80A926253B974D000D6C44 /* dices */,
				8C80A93D253B9754000D6C44 /* dicesTests */,
				8C80A948253B9754000D6C44 /* dicesUITests */,
				8C80A925253B974D000D6C44 /* Products */,
			);
			sourceTree = "<group>";
		};
		8C80A925253B974D000D6C44 /* Products */ = {
			isa = PBXGroup;
			children = (
				8C80A924253B974D000D6C44 /* dices.app */,
				8C80A93A253B9754000D6C44 /* dicesTests.xctest */,
				8C80A945253B9754000D6C44 /* dicesUITests.xctest */,
			);
			name = Products;
			sourceTree = "<group>";
		};
		8C80A926253B974D000D6C44 /* dices */ = {
			isa = PBXGroup;
			children = (
				8C80A927253B974D000D6C44 /* AppDelegate.swift */,
				8C80A929253B974D000D6C44 /* SceneDelegate.swift */,
				8C80A92B253B974D000D6C44 /* ViewController.swift */,
				8C80A92D253B974D000D6C44 /* Main.storyboard */,
				8C80A930253B9754000D6C44 /* Assets.xcassets */,
				8C80A932253B9754000D6C44 /* LaunchScreen.storyboard */,
				8C80A935253B9754000D6C44 /* Info.plist */,
			);
			path = dices;
			sourceTree = "<group>";
		};
		8C80A93D253B9754000D6C44 /* dicesTests */ = {
			isa = PBXGroup;
			children = (
				8C80A93E253B9754000D6C44 /* dicesTests.swift */,
				8C80A940253B9754000D6C44 /* Info.plist */,
			);
			path = dicesTests;
			sourceTree = "<group>";
		};
		8C80A948253B9754000D6C44 /* dicesUITests */ = {
			isa = PBXGroup;
			children = (
				8C80A949253B9754000D6C44 /* dicesUITests.swift */,
				8C80A94B253B9754000D6C44 /* Info.plist */,
			);
			path = dicesUITests;
			sourceTree = "<group>";
		};
		8C80A95D253BB8D9000D6C44 /* Sounds */ = {
			isa = PBXGroup;
			children = (
			);
			path = Sounds;
			sourceTree = "<group>";
		};
/* End PBXGroup section */

/* Begin PBXNativeTarget section */
		8C80A923253B974D000D6C44 /* dices */ = {
			isa = PBXNativeTarget;
			buildConfigurationList = 8C80A94E253B9754000D6C44 /* Build configuration list for PBXNativeTarget "dices" */;
			buildPhases = (
				8C80A920253B974D000D6C44 /* Sources */,
				8C80A921253B974D000D6C44 /* Frameworks */,
				8C80A922253B974D000D6C44 /* Resources */,
			);
			buildRules = (
			);
			dependencies = (
			);
			name = dices;
			productName = dices;
			productReference = 8C80A924253B974D000D6C44 /* dices.app */;
			productType = "com.apple.product-type.application";
		};
		8C80A939253B9754000D6C44 /* dicesTests */ = {
			isa = PBXNativeTarget;
			buildConfigurationList = 8C80A951253B9754000D6C44 /* Build configuration list for PBXNativeTarget "dicesTests" */;
			buildPhases = (
				8C80A936253B9754000D6C44 /* Sources */,
				8C80A937253B9754000D6C44 /* Frameworks */,
				8C80A938253B9754000D6C44 /* Resources */,
			);
			buildRules = (
			);
			dependencies = (
				8C80A93C253B9754000D6C44 /* PBXTargetDependency */,
			);
			name = dicesTests;
			productName = dicesTests;
			productReference = 8C80A93A253B9754000D6C44 /* dicesTests.xctest */;
			productType = "com.apple.product-type.bundle.unit-test";
		};
		8C80A944253B9754000D6C44 /* dicesUITests */ = {
			isa = PBXNativeTarget;
			buildConfigurationList = 8C80A954253B9754000D6C44 /* Build configuration list for PBXNativeTarget "dicesUITests" */;
			buildPhases = (
				8C80A941253B9754000D6C44 /* Sources */,
				8C80A942253B9754000D6C44 /* Frameworks */,
				8C80A943253B9754000D6C44 /* Resources */,
			);
			buildRules = (
			);
			dependencies = (
				8C80A947253B9754000D6C44 /* PBXTargetDependency */,
			);
			name = dicesUITests;
			productName = dicesUITests;
			productReference = 8C80A945253B9754000D6C44 /* dicesUITests.xctest */;
			productType = "com.apple.product-type.bundle.ui-testing";
		};
/* End PBXNativeTarget section */

/* Begin PBXProject section */
		8C80A91C253B974D000D6C44 /* Project object */ = {
			isa = PBXProject;
			attributes = {
				LastSwiftUpdateCheck = 1200;
				LastUpgradeCheck = 1200;
				TargetAttributes = {
					8C80A923253B974D000D6C44 = {
						CreatedOnToolsVersion = 12.0.1;
					};
					8C80A939253B9754000D6C44 = {
						CreatedOnToolsVersion = 12.0.1;
						TestTargetID = 8C80A923253B974D000D6C44;
					};
					8C80A944253B9754000D6C44 = {
						CreatedOnToolsVersion = 12.0.1;
						TestTargetID = 8C80A923253B974D000D6C44;
					};
				};
			};
			buildConfigurationList = 8C80A91F253B974D000D6C44 /* Build configuration list for PBXProject "dices" */;
			compatibilityVersion = "Xcode 9.3";
			developmentRegion = en;
			hasScannedForEncodings = 0;
			knownRegions = (
				en,
				Base,
			);
			mainGroup = 8C80A91B253B974D000D6C44;
			productRefGroup = 8C80A925253B974D000D6C44 /* Products */;
			projectDirPath = "";
			projectRoot = "";
			targets = (
				8C80A923253B974D000D6C44 /* dices */,
				8C80A939253B9754000D6C44 /* dicesTests */,
				8C80A944253B9754000D6C44 /* dicesUITests */,
			);
		};
/* End PBXProject section */

/* Begin PBXResourcesBuildPhase section */
		8C80A922253B974D000D6C44 /* Resources */ = {
			isa = PBXResourcesBuildPhase;
			buildActionMask = 2147483647;
			files = (
				8C80A934253B9754000D6C44 /* LaunchScreen.storyboard in Resources */,
				8C80A931253B9754000D6C44 /* Assets.xcassets in Resources */,
				8C80A92F253B974D000D6C44 /* Main.storyboard in Resources */,
			);
			runOnlyForDeploymentPostprocessing = 0;
		};
		8C80A938253B9754000D6C44 /* Resources */ = {
			isa = PBXResourcesBuildPhase;
			buildActionMask = 2147483647;
			files = (
			);
			runOnlyForDeploymentPostprocessing = 0;
		};
		8C80A943253B9754000D6C44 /* Resources */ = {
			isa = PBXResourcesBuildPhase;
			buildActionMask = 2147483647;
			files = (
			);
			runOnlyForDeploymentPostprocessing = 0;
		};
/* End PBXResourcesBuildPhase section */

/* Begin PBXSourcesBuildPhase section */
		8C80A920253B974D000D6C44 /* Sources */ = {
			isa = PBXSourcesBuildPhase;
			buildActionMask = 2147483647;
			files = (
				8C80A92C253B974D000D6C44 /* ViewController.swift in Sources */,
				8C80A928253B974D000D6C44 /* AppDelegate.swift in Sources */,
				8C80A92A253B974D000D6C44 /* SceneDelegate.swift in Sources */,
			);
			runOnlyForDeploymentPostprocessing = 0;
		};
		8C80A936253B9754000D6C44 /* Sources */ = {
			isa = PBXSourcesBuildPhase;
			buildActionMask = 2147483647;
			files = (
				8C80A93F253B9754000D6C44 /* dicesTests.swift in Sources */,
			);
			runOnlyForDeploymentPostprocessing = 0;
		};
		8C80A941253B9754000D6C44 /* Sources */ = {
			isa = PBXSourcesBuildPhase;
			buildActionMask = 2147483647;
			files = (
				8C80A94A253B9754000D6C44 /* dicesUITests.swift in Sources */,
			);
			runOnlyForDeploymentPostprocessing = 0;
		};
/* End PBXSourcesBuildPhase section */

/* Begin PBXTargetDependency section */
		8C80A93C253B9754000D6C44 /* PBXTargetDependency */ = {
			isa = PBXTargetDependency;
			target = 8C80A923253B974D000D6C44 /* dices */;
			targetProxy = 8C80A93B253B9754000D6C44 /* PBXContainerItemProxy */;
		};
		8C80A947253B9754000D6C44 /* PBXTargetDependency */ = {
			isa = PBXTargetDependency;
			target = 8C80A923253B974D000D6C44 /* dices */;
			targetProxy = 8C80A946253B9754000D6C44 /* PBXContainerItemProxy */;
		};
/* End PBXTargetDependency section */

/* Begin PBXVariantGroup section */
		8C80A92D253B974D000D6C44 /* Main.storyboard */ = {
			isa = PBXVariantGroup;
			children = (
				8C80A92E253B974D000D6C44 /* Base */,
			);
			name = Main.storyboard;
			sourceTree = "<group>";
		};
		8C80A932253B9754000D6C44 /* LaunchScreen.storyboard */ = {
			isa = PBXVariantGroup;
			children = (
				8C80A933253B9754000D6C44 /* Base */,
			);
			name = LaunchScreen.storyboard;
			sourceTree = "<group>";
		};
/* End PBXVariantGroup section */

/* Begin XCBuildConfiguration section */
		8C80A94C253B9754000D6C44 /* Debug */ = {
			isa = XCBuildConfiguration;
			buildSettings = {
				ALWAYS_SEARCH_USER_PATHS = NO;
				CLANG_ANALYZER_NONNULL = YES;
				CLANG_ANALYZER_NUMBER_OBJECT_CONVERSION = YES_AGGRESSIVE;
				CLANG_CXX_LANGUAGE_STANDARD = "gnu++14";
				CLANG_CXX_LIBRARY = "libc++";
				CLANG_ENABLE_MODULES = YES;
				CLANG_ENABLE_OBJC_ARC = YES;
				CLANG_ENABLE_OBJC_WEAK = YES;
				CLANG_WARN_BLOCK_CAPTURE_AUTORELEASING = YES;
				CLANG_WARN_BOOL_CONVERSION = YES;
				CLANG_WARN_COMMA = YES;
				CLANG_WARN_CONSTANT_CONVERSION = YES;
				CLANG_WARN_DEPRECATED_OBJC_IMPLEMENTATIONS = YES;
				CLANG_WARN_DIRECT_OBJC_ISA_USAGE = YES_ERROR;
				CLANG_WARN_DOCUMENTATION_COMMENTS = YES;
				CLANG_WARN_EMPTY_BODY = YES;
				CLANG_WARN_ENUM_CONVERSION = YES;
				CLANG_WARN_INFINITE_RECURSION = YES;
				CLANG_WARN_INT_CONVERSION = YES;
				CLANG_WARN_NON_LITERAL_NULL_CONVERSION = YES;
				CLANG_WARN_OBJC_IMPLICIT_RETAIN_SELF = YES;
				CLANG_WARN_OBJC_LITERAL_CONVERSION = YES;
				CLANG_WARN_OBJC_ROOT_CLASS = YES_ERROR;
				CLANG_WARN_QUOTED_INCLUDE_IN_FRAMEWORK_HEADER = YES;
				CLANG_WARN_RANGE_LOOP_ANALYSIS = YES;
				CLANG_WARN_STRICT_PROTOTYPES = YES;
				CLANG_WARN_SUSPICIOUS_MOVE = YES;
				CLANG_WARN_UNGUARDED_AVAILABILITY = YES_AGGRESSIVE;
				CLANG_WARN_UNREACHABLE_CODE = YES;
				CLANG_WARN__DUPLICATE_METHOD_MATCH = YES;
				COPY_PHASE_STRIP = NO;
				DEBUG_INFORMATION_FORMAT = dwarf;
				ENABLE_STRICT_OBJC_MSGSEND = YES;
				ENABLE_TESTABILITY = YES;
				GCC_C_LANGUAGE_STANDARD = gnu11;
				GCC_DYNAMIC_NO_PIC = NO;
				GCC_NO_COMMON_BLOCKS = YES;
				GCC_OPTIMIZATION_LEVEL = 0;
				GCC_PREPROCESSOR_DEFINITIONS = (
					"DEBUG=1",
					"$(inherited)",
				);
				GCC_WARN_64_TO_32_BIT_CONVERSION = YES;
				GCC_WARN_ABOUT_RETURN_TYPE = YES_ERROR;
				GCC_WARN_UNDECLARED_SELECTOR = YES;
				GCC_WARN_UNINITIALIZED_AUTOS = YES_AGGRESSIVE;
				GCC_WARN_UNUSED_FUNCTION = YES;
				GCC_WARN_UNUSED_VARIABLE = YES;
				IPHONEOS_DEPLOYMENT_TARGET = 14.0;
				MTL_ENABLE_DEBUG_INFO = INCLUDE_SOURCE;
				MTL_FAST_MATH = YES;
				ONLY_ACTIVE_ARCH = YES;
				SDKROOT = iphoneos;
				SWIFT_ACTIVE_COMPILATION_CONDITIONS = DEBUG;
				SWIFT_OPTIMIZATION_LEVEL = "-Onone";
			};
			name = Debug;
		};
		8C80A94D253B9754000D6C44 /* Release */ = {
			isa = XCBuildConfiguration;
			buildSettings = {
				ALWAYS_SEARCH_USER_PATHS = NO;
				CLANG_ANALYZER_NONNULL = YES;
				CLANG_ANALYZER_NUMBER_OBJECT_CONVERSION = YES_AGGRESSIVE;
				CLANG_CXX_LANGUAGE_STANDARD = "gnu++14";
				CLANG_CXX_LIBRARY = "libc++";
				CLANG_ENABLE_MODULES = YES;
				CLANG_ENABLE_OBJC_ARC = YES;
				CLANG_ENABLE_OBJC_WEAK = YES;
				CLANG_WARN_BLOCK_CAPTURE_AUTORELEASING = YES;
				CLANG_WARN_BOOL_CONVERSION = YES;
				CLANG_WARN_COMMA = YES;
				CLANG_WARN_CONSTANT_CONVERSION = YES;
				CLANG_WARN_DEPRECATED_OBJC_IMPLEMENTATIONS = YES;
				CLANG_WARN_DIRECT_OBJC_ISA_USAGE = YES_ERROR;
				CLANG_WARN_DOCUMENTATION_COMMENTS = YES;
				CLANG_WARN_EMPTY_BODY = YES;
				CLANG_WARN_ENUM_CONVERSION = YES;
				CLANG_WARN_INFINITE_RECURSION = YES;
				CLANG_WARN_INT_CONVERSION = YES;
				CLANG_WARN_NON_LITERAL_NULL_CONVERSION = YES;
				CLANG_WARN_OBJC_IMPLICIT_RETAIN_SELF = YES;
				CLANG_WARN_OBJC_LITERAL_CONVERSION = YES;
				CLANG_WARN_OBJC_ROOT_CLASS = YES_ERROR;
				CLANG_WARN_QUOTED_INCLUDE_IN_FRAMEWORK_HEADER = YES;
				CLANG_WARN_RANGE_LOOP_ANALYSIS = YES;
				CLANG_WARN_STRICT_PROTOTYPES = YES;
				CLANG_WARN_SUSPICIOUS_MOVE = YES;
				CLANG_WARN_UNGUARDED_AVAILABILITY = YES_AGGRESSIVE;
				CLANG_WARN_UNREACHABLE_CODE = YES;
				CLANG_WARN__DUPLICATE_METHOD_MATCH = YES;
				COPY_PHASE_STRIP = NO;
				DEBUG_INFORMATION_FORMAT = "dwarf-with-dsym";
				ENABLE_NS_ASSERTIONS = NO;
				ENABLE_STRICT_OBJC_MSGSEND = YES;
				GCC_C_LANGUAGE_STANDARD = gnu11;
				GCC_NO_COMMON_BLOCKS = YES;
				GCC_WARN_64_TO_32_BIT_CONVERSION = YES;
				GCC_WARN_ABOUT_RETURN_TYPE = YES_ERROR;
				GCC_WARN_UNDECLARED_SELECTOR = YES;
				GCC_WARN_UNINITIALIZED_AUTOS = YES_AGGRESSIVE;
				GCC_WARN_UNUSED_FUNCTION = YES;
				GCC_WARN_UNUSED_VARIABLE = YES;
				IPHONEOS_DEPLOYMENT_TARGET = 14.0;
				MTL_ENABLE_DEBUG_INFO = NO;
				MTL_FAST_MATH = YES;
				SDKROOT = iphoneos;
				SWIFT_COMPILATION_MODE = wholemodule;
				SWIFT_OPTIMIZATION_LEVEL = "-O";
				VALIDATE_PRODUCT = YES;
			};
			name = Release;
		};
		8C80A94F253B9754000D6C44 /* Debug */ = {
			isa = XCBuildConfiguration;
			buildSettings = {
				ASSETCATALOG_COMPILER_APPICON_NAME = AppIcon;
				ASSETCATALOG_COMPILER_GLOBAL_ACCENT_COLOR_NAME = AccentColor;
				CODE_SIGN_STYLE = Automatic;
				INFOPLIST_FILE = dices/Info.plist;
				LD_RUNPATH_SEARCH_PATHS = (
					"$(inherited)",
					"@executable_path/Frameworks",
				);
				PRODUCT_BUNDLE_IDENTIFIER = com.mpp.dices;
				PRODUCT_NAME = "$(TARGET_NAME)";
				SWIFT_VERSION = 5.0;
				TARGETED_DEVICE_FAMILY = "1,2";
			};
			name = Debug;
		};
		8C80A950253B9754000D6C44 /* Release */ = {
			isa = XCBuildConfiguration;
			buildSettings = {
				ASSETCATALOG_COMPILER_APPICON_NAME = AppIcon;
				ASSETCATALOG_COMPILER_GLOBAL_ACCENT_COLOR_NAME = AccentColor;
				CODE_SIGN_STYLE = Automatic;
				INFOPLIST_FILE = dices/Info.plist;
				LD_RUNPATH_SEARCH_PATHS = (
					"$(inherited)",
					"@executable_path/Frameworks",
				);
				PRODUCT_BUNDLE_IDENTIFIER = com.mpp.dices;
				PRODUCT_NAME = "$(TARGET_NAME)";
				SWIFT_VERSION = 5.0;
				TARGETED_DEVICE_FAMILY = "1,2";
			};
			name = Release;
		};
		8C80A952253B9754000D6C44 /* Debug */ = {
			isa = XCBuildConfiguration;
			buildSettings = {
				ALWAYS_EMBED_SWIFT_STANDARD_LIBRARIES = YES;
				BUNDLE_LOADER = "$(TEST_HOST)";
				CODE_SIGN_STYLE = Automatic;
				INFOPLIST_FILE = dicesTests/Info.plist;
				IPHONEOS_DEPLOYMENT_TARGET = 14.0;
				LD_RUNPATH_SEARCH_PATHS = (
					"$(inherited)",
					"@executable_path/Frameworks",
					"@loader_path/Frameworks",
				);
				PRODUCT_BUNDLE_IDENTIFIER = com.mpp.dicesTests;
				PRODUCT_NAME = "$(TARGET_NAME)";
				SWIFT_VERSION = 5.0;
				TARGETED_DEVICE_FAMILY = "1,2";
				TEST_HOST = "$(BUILT_PRODUCTS_DIR)/dices.app/dices";
			};
			name = Debug;
		};
		8C80A953253B9754000D6C44 /* Release */ = {
			isa = XCBuildConfiguration;
			buildSettings = {
				ALWAYS_EMBED_SWIFT_STANDARD_LIBRARIES = YES;
				BUNDLE_LOADER = "$(TEST_HOST)";
				CODE_SIGN_STYLE = Automatic;
				INFOPLIST_FILE = dicesTests/Info.plist;
				IPHONEOS_DEPLOYMENT_TARGET = 14.0;
				LD_RUNPATH_SEARCH_PATHS = (
					"$(inherited)",
					"@executable_path/Frameworks",
					"@loader_path/Frameworks",
				);
				PRODUCT_BUNDLE_IDENTIFIER = com.mpp.dicesTests;
				PRODUCT_NAME = "$(TARGET_NAME)";
				SWIFT_VERSION = 5.0;
				TARGETED_DEVICE_FAMILY = "1,2";
				TEST_HOST = "$(BUILT_PRODUCTS_DIR)/dices.app/dices";
			};
			name = Release;
		};
		8C80A955253B9754000D6C44 /* Debug */ = {
			isa = XCBuildConfiguration;
			buildSettings = {
				ALWAYS_EMBED_SWIFT_STANDARD_LIBRARIES = YES;
				CODE_SIGN_STYLE = Automatic;
				INFOPLIST_FILE = dicesUITests/Info.plist;
				LD_RUNPATH_SEARCH_PATHS = (
					"$(inherited)",
					"@executable_path/Frameworks",
					"@loader_path/Frameworks",
				);
				PRODUCT_BUNDLE_IDENTIFIER = com.mpp.dicesUITests;
				PRODUCT_NAME = "$(TARGET_NAME)";
				SWIFT_VERSION = 5.0;
				TARGETED_DEVICE_FAMILY = "1,2";
				TEST_TARGET_NAME = dices;
			};
			name = Debug;
		};
		8C80A956253B9754000D6C44 /* Release */ = {
			isa = XCBuildConfiguration;
			buildSettings = {
				ALWAYS_EMBED_SWIFT_STANDARD_LIBRARIES = YES;
				CODE_SIGN_STYLE = Automatic;
				INFOPLIST_FILE = dicesUITests/Info.plist;
				LD_RUNPATH_SEARCH_PATHS = (
					"$(inherited)",
					"@executable_path/Frameworks",
					"@loader_path/Frameworks",
				);
				PRODUCT_BUNDLE_IDENTIFIER = com.mpp.dicesUITests;
				PRODUCT_NAME = "$(TARGET_NAME)";
				SWIFT_VERSION = 5.0;
				TARGETED_DEVICE_FAMILY = "1,2";
				TEST_TARGET_NAME = dices;
			};
			name = Release;
		};
/* End XCBuildConfiguration section */

/* Begin XCConfigurationList section */
		8C80A91F253B974D000D6C44 /* Build configuration list for PBXProject "dices" */ = {
			isa = XCConfigurationList;
			buildConfigurations = (
				8C80A94C253B9754000D6C44 /* Debug */,
				8C80A94D253B9754000D6C44 /* Release */,
			);
			defaultConfigurationIsVisible = 0;
			defaultConfigurationName = Release;
		};
		8C80A94E253B9754000D6C44 /* Build configuration list for PBXNativeTarget "dices" */ = {
			isa = XCConfigurationList;
			buildConfigurations = (
				8C80A94F253B9754000D6C44 /* Debug */,
				8C80A950253B9754000D6C44 /* Release */,
			);
			defaultConfigurationIsVisible = 0;
			defaultConfigurationName = Release;
		};
		8C80A951253B9754000D6C44 /* Build configuration list for PBXNativeTarget "dicesTests" */ = {
			isa = XCConfigurationList;
			buildConfigurations = (
				8C80A952253B9754000D6C44 /* Debug */,
				8C80A953253B9754000D6C44 /* Release */,
			);
			defaultConfigurationIsVisible = 0;
			defaultConfigurationName = Release;
		};
		8C80A954253B9754000D6C44 /* Build configuration list for PBXNativeTarget "dicesUITests" */ = {
			isa = XCConfigurationList;
			buildConfigurations = (
				8C80A955253B9754000D6C44 /* Debug */,
				8C80A956253B9754000D6C44 /* Release */,
			);
			defaultConfigurationIsVisible = 0;
			defaultConfigurationName = Release;
		};
/* End XCConfigurationList section */
	};
	rootObject = 8C80A91C253B974D000D6C44 /* Project object */;
}
